// !$*UTF8*$!
{
	archiveVersion = 1;
	classes = {
	};
	objectVersion = 55;
	objects = {

/* Begin PBXBuildFile section */
		640885B827F28A0A003DC0D5 /* HotdogApp.swift in Sources */ = {isa = PBXBuildFile; fileRef = 640885B727F28A0A003DC0D5 /* HotdogApp.swift */; };
		640885BA27F28A0A003DC0D5 /* ContentView.swift in Sources */ = {isa = PBXBuildFile; fileRef = 640885B927F28A0A003DC0D5 /* ContentView.swift */; };
		640885BC27F28A0B003DC0D5 /* Assets.xcassets in Resources */ = {isa = PBXBuildFile; fileRef = 640885BB27F28A0B003DC0D5 /* Assets.xcassets */; };
		640885BF27F28A0B003DC0D5 /* Preview Assets.xcassets in Resources */ = {isa = PBXBuildFile; fileRef = 640885BE27F28A0B003DC0D5 /* Preview Assets.xcassets */; };
		640885C927F28A0B003DC0D5 /* HotdogTests.swift in Sources */ = {isa = PBXBuildFile; fileRef = 640885C827F28A0B003DC0D5 /* HotdogTests.swift */; };
		640885D327F28A0B003DC0D5 /* HotdogUITests.swift in Sources */ = {isa = PBXBuildFile; fileRef = 640885D227F28A0B003DC0D5 /* HotdogUITests.swift */; };
		640885D527F28A0B003DC0D5 /* HotdogUITestsLaunchTests.swift in Sources */ = {isa = PBXBuildFile; fileRef = 640885D427F28A0B003DC0D5 /* HotdogUITestsLaunchTests.swift */; };
		640885E227F28A22003DC0D5 /* HotdogClassifier 1.mlmodel in Sources */ = {isa = PBXBuildFile; fileRef = 640885E127F28A22003DC0D5 /* HotdogClassifier 1.mlmodel */; };
		640885E427F28A5E003DC0D5 /* ImagePicker.swift in Sources */ = {isa = PBXBuildFile; fileRef = 640885E327F28A5D003DC0D5 /* ImagePicker.swift */; };
		640885E627F29689003DC0D5 /* Classifier.swift in Sources */ = {isa = PBXBuildFile; fileRef = 640885E527F29689003DC0D5 /* Classifier.swift */; };
		640885E827F29826003DC0D5 /* ImageClassifier.swift in Sources */ = {isa = PBXBuildFile; fileRef = 640885E727F29826003DC0D5 /* ImageClassifier.swift */; };
		640885EA27F2D7A1003DC0D5 /* MobileNetV2.mlmodel in Sources */ = {isa = PBXBuildFile; fileRef = 640885E927F2D7A1003DC0D5 /* MobileNetV2.mlmodel */; };
		6493D0F627F4F7A3006C2E30 /* ConfettiSwiftUI in Frameworks */ = {isa = PBXBuildFile; productRef = 6493D0F527F4F7A3006C2E30 /* ConfettiSwiftUI */; };
/* End PBXBuildFile section */

/* Begin PBXContainerItemProxy section */
		640885C527F28A0B003DC0D5 /* PBXContainerItemProxy */ = {
			isa = PBXContainerItemProxy;
			containerPortal = 640885AC27F28A0A003DC0D5 /* Project object */;
			proxyType = 1;
			remoteGlobalIDString = 640885B327F28A0A003DC0D5;
			remoteInfo = Hotdog;
		};
		640885CF27F28A0B003DC0D5 /* PBXContainerItemProxy */ = {
			isa = PBXContainerItemProxy;
			containerPortal = 640885AC27F28A0A003DC0D5 /* Project object */;
			proxyType = 1;
			remoteGlobalIDString = 640885B327F28A0A003DC0D5;
			remoteInfo = Hotdog;
		};
/* End PBXContainerItemProxy section */

/* Begin PBXFileReference section */
		640885B427F28A0A003DC0D5 /* Hotdog.app */ = {isa = PBXFileReference; explicitFileType = wrapper.application; includeInIndex = 0; path = Hotdog.app; sourceTree = BUILT_PRODUCTS_DIR; };
		640885B727F28A0A003DC0D5 /* HotdogApp.swift */ = {isa = PBXFileReference; lastKnownFileType = sourcecode.swift; path = HotdogApp.swift; sourceTree = "<group>"; };
		640885B927F28A0A003DC0D5 /* ContentView.swift */ = {isa = PBXFileReference; lastKnownFileType = sourcecode.swift; path = ContentView.swift; sourceTree = "<group>"; };
		640885BB27F28A0B003DC0D5 /* Assets.xcassets */ = {isa = PBXFileReference; lastKnownFileType = folder.assetcatalog; path = Assets.xcassets; sourceTree = "<group>"; };
		640885BE27F28A0B003DC0D5 /* Preview Assets.xcassets */ = {isa = PBXFileReference; lastKnownFileType = folder.assetcatalog; path = "Preview Assets.xcassets"; sourceTree = "<group>"; };
		640885C427F28A0B003DC0D5 /* HotdogTests.xctest */ = {isa = PBXFileReference; explicitFileType = wrapper.cfbundle; includeInIndex = 0; path = HotdogTests.xctest; sourceTree = BUILT_PRODUCTS_DIR; };
		640885C827F28A0B003DC0D5 /* HotdogTests.swift */ = {isa = PBXFileReference; lastKnownFileType = sourcecode.swift; path = HotdogTests.swift; sourceTree = "<group>"; };
		640885CE27F28A0B003DC0D5 /* HotdogUITests.xctest */ = {isa = PBXFileReference; explicitFileType = wrapper.cfbundle; includeInIndex = 0; path = HotdogUITests.xctest; sourceTree = BUILT_PRODUCTS_DIR; };
		640885D227F28A0B003DC0D5 /* HotdogUITests.swift */ = {isa = PBXFileReference; lastKnownFileType = sourcecode.swift; path = HotdogUITests.swift; sourceTree = "<group>"; };
		640885D427F28A0B003DC0D5 /* HotdogUITestsLaunchTests.swift */ = {isa = PBXFileReference; lastKnownFileType = sourcecode.swift; path = HotdogUITestsLaunchTests.swift; sourceTree = "<group>"; };
		640885E127F28A22003DC0D5 /* HotdogClassifier 1.mlmodel */ = {isa = PBXFileReference; lastKnownFileType = file.mlmodel; path = "HotdogClassifier 1.mlmodel"; sourceTree = "<group>"; };
		640885E327F28A5D003DC0D5 /* ImagePicker.swift */ = {isa = PBXFileReference; lastKnownFileType = sourcecode.swift; path = ImagePicker.swift; sourceTree = "<group>"; };
		640885E527F29689003DC0D5 /* Classifier.swift */ = {isa = PBXFileReference; lastKnownFileType = sourcecode.swift; path = Classifier.swift; sourceTree = "<group>"; };
		640885E727F29826003DC0D5 /* ImageClassifier.swift */ = {isa = PBXFileReference; lastKnownFileType = sourcecode.swift; path = ImageClassifier.swift; sourceTree = "<group>"; };
		640885E927F2D7A1003DC0D5 /* MobileNetV2.mlmodel */ = {isa = PBXFileReference; lastKnownFileType = file.mlmodel; path = MobileNetV2.mlmodel; sourceTree = "<group>"; };
/* End PBXFileReference section */

/* Begin PBXFrameworksBuildPhase section */
		640885B127F28A0A003DC0D5 /* Frameworks */ = {
			isa = PBXFrameworksBuildPhase;
			buildActionMask = 2147483647;
			files = (
				6493D0F627F4F7A3006C2E30 /* ConfettiSwiftUI in Frameworks */,
			);
			runOnlyForDeploymentPostprocessing = 0;
		};
		640885C127F28A0B003DC0D5 /* Frameworks */ = {
			isa = PBXFrameworksBuildPhase;
			buildActionMask = 2147483647;
			files = (
			);
			runOnlyForDeploymentPostprocessing = 0;
		};
		640885CB27F28A0B003DC0D5 /* Frameworks */ = {
			isa = PBXFrameworksBuildPhase;
			buildActionMask = 2147483647;
			files = (
			);
			runOnlyForDeploymentPostprocessing = 0;
		};
/* End PBXFrameworksBuildPhase section */

/* Begin PBXGroup section */
		640885AB27F28A0A003DC0D5 = {
			isa = PBXGroup;
			children = (
				640885B627F28A0A003DC0D5 /* Hotdog */,
				640885C727F28A0B003DC0D5 /* HotdogTests */,
				640885D127F28A0B003DC0D5 /* HotdogUITests */,
				640885B527F28A0A003DC0D5 /* Products */,
			);
			sourceTree = "<group>";
		};
		640885B527F28A0A003DC0D5 /* Products */ = {
			isa = PBXGroup;
			children = (
				640885B427F28A0A003DC0D5 /* Hotdog.app */,
				640885C427F28A0B003DC0D5 /* HotdogTests.xctest */,
				640885CE27F28A0B003DC0D5 /* HotdogUITests.xctest */,
			);
			name = Products;
			sourceTree = "<group>";
		};
		640885B627F28A0A003DC0D5 /* Hotdog */ = {
			isa = PBXGroup;
			children = (
				640885B727F28A0A003DC0D5 /* HotdogApp.swift */,
				640885B927F28A0A003DC0D5 /* ContentView.swift */,
				640885E727F29826003DC0D5 /* ImageClassifier.swift */,
				640885E327F28A5D003DC0D5 /* ImagePicker.swift */,
				640885E527F29689003DC0D5 /* Classifier.swift */,
				640885BB27F28A0B003DC0D5 /* Assets.xcassets */,
				640885E927F2D7A1003DC0D5 /* MobileNetV2.mlmodel */,
				640885E127F28A22003DC0D5 /* HotdogClassifier 1.mlmodel */,
				640885BD27F28A0B003DC0D5 /* Preview Content */,
			);
			path = Hotdog;
			sourceTree = "<group>";
		};
		640885BD27F28A0B003DC0D5 /* Preview Content */ = {
			isa = PBXGroup;
			children = (
				640885BE27F28A0B003DC0D5 /* Preview Assets.xcassets */,
			);
			path = "Preview Content";
			sourceTree = "<group>";
		};
		640885C727F28A0B003DC0D5 /* HotdogTests */ = {
			isa = PBXGroup;
			children = (
				640885C827F28A0B003DC0D5 /* HotdogTests.swift */,
			);
			path = HotdogTests;
			sourceTree = "<group>";
		};
		640885D127F28A0B003DC0D5 /* HotdogUITests */ = {
			isa = PBXGroup;
			children = (
				640885D227F28A0B003DC0D5 /* HotdogUITests.swift */,
				640885D427F28A0B003DC0D5 /* HotdogUITestsLaunchTests.swift */,
			);
			path = HotdogUITests;
			sourceTree = "<group>";
		};
/* End PBXGroup section */

/* Begin PBXNativeTarget section */
		640885B327F28A0A003DC0D5 /* Hotdog */ = {
			isa = PBXNativeTarget;
			buildConfigurationList = 640885D827F28A0B003DC0D5 /* Build configuration list for PBXNativeTarget "Hotdog" */;
			buildPhases = (
				640885B027F28A0A003DC0D5 /* Sources */,
				640885B127F28A0A003DC0D5 /* Frameworks */,
				640885B227F28A0A003DC0D5 /* Resources */,
			);
			buildRules = (
			);
			dependencies = (
			);
			name = Hotdog;
			packageProductDependencies = (
				6493D0F527F4F7A3006C2E30 /* ConfettiSwiftUI */,
			);
			productName = Hotdog;
			productReference = 640885B427F28A0A003DC0D5 /* Hotdog.app */;
			productType = "com.apple.product-type.application";
		};
		640885C327F28A0B003DC0D5 /* HotdogTests */ = {
			isa = PBXNativeTarget;
			buildConfigurationList = 640885DB27F28A0B003DC0D5 /* Build configuration list for PBXNativeTarget "HotdogTests" */;
			buildPhases = (
				640885C027F28A0B003DC0D5 /* Sources */,
				640885C127F28A0B003DC0D5 /* Frameworks */,
				640885C227F28A0B003DC0D5 /* Resources */,
			);
			buildRules = (
			);
			dependencies = (
				640885C627F28A0B003DC0D5 /* PBXTargetDependency */,
			);
			name = HotdogTests;
			productName = HotdogTests;
			productReference = 640885C427F28A0B003DC0D5 /* HotdogTests.xctest */;
			productType = "com.apple.product-type.bundle.unit-test";
		};
		640885CD27F28A0B003DC0D5 /* HotdogUITests */ = {
			isa = PBXNativeTarget;
			buildConfigurationList = 640885DE27F28A0B003DC0D5 /* Build configuration list for PBXNativeTarget "HotdogUITests" */;
			buildPhases = (
				640885CA27F28A0B003DC0D5 /* Sources */,
				640885CB27F28A0B003DC0D5 /* Frameworks */,
				640885CC27F28A0B003DC0D5 /* Resources */,
			);
			buildRules = (
			);
			dependencies = (
				640885D027F28A0B003DC0D5 /* PBXTargetDependency */,
			);
			name = HotdogUITests;
			productName = HotdogUITests;
			productReference = 640885CE27F28A0B003DC0D5 /* HotdogUITests.xctest */;
			productType = "com.apple.product-type.bundle.ui-testing";
		};
/* End PBXNativeTarget section */

/* Begin PBXProject section */
		640885AC27F28A0A003DC0D5 /* Project object */ = {
			isa = PBXProject;
			attributes = {
				BuildIndependentTargetsInParallel = 1;
				LastSwiftUpdateCheck = 1330;
				LastUpgradeCheck = 1330;
				TargetAttributes = {
					640885B327F28A0A003DC0D5 = {
						CreatedOnToolsVersion = 13.3;
					};
					640885C327F28A0B003DC0D5 = {
						CreatedOnToolsVersion = 13.3;
						TestTargetID = 640885B327F28A0A003DC0D5;
					};
					640885CD27F28A0B003DC0D5 = {
						CreatedOnToolsVersion = 13.3;
						TestTargetID = 640885B327F28A0A003DC0D5;
					};
				};
			};
			buildConfigurationList = 640885AF27F28A0A003DC0D5 /* Build configuration list for PBXProject "Hotdog" */;
			compatibilityVersion = "Xcode 13.0";
			developmentRegion = en;
			hasScannedForEncodings = 0;
			knownRegions = (
				en,
				Base,
			);
			mainGroup = 640885AB27F28A0A003DC0D5;
			packageReferences = (
				6493D0F427F4F7A3006C2E30 /* XCRemoteSwiftPackageReference "ConfettiSwiftUI" */,
			);
			productRefGroup = 640885B527F28A0A003DC0D5 /* Products */;
			projectDirPath = "";
			projectRoot = "";
			targets = (
				640885B327F28A0A003DC0D5 /* Hotdog */,
				640885C327F28A0B003DC0D5 /* HotdogTests */,
				640885CD27F28A0B003DC0D5 /* HotdogUITests */,
			);
		};
/* End PBXProject section */

/* Begin PBXResourcesBuildPhase section */
		640885B227F28A0A003DC0D5 /* Resources */ = {
			isa = PBXResourcesBuildPhase;
			buildActionMask = 2147483647;
			files = (
				640885BF27F28A0B003DC0D5 /* Preview Assets.xcassets in Resources */,
				640885BC27F28A0B003DC0D5 /* Assets.xcassets in Resources */,
			);
			runOnlyForDeploymentPostprocessing = 0;
		};
		640885C227F28A0B003DC0D5 /* Resources */ = {
			isa = PBXResourcesBuildPhase;
			buildActionMask = 2147483647;
			files = (
			);
			runOnlyForDeploymentPostprocessing = 0;
		};
		640885CC27F28A0B003DC0D5 /* Resources */ = {
			isa = PBXResourcesBuildPhase;
			buildActionMask = 2147483647;
			files = (
			);
			runOnlyForDeploymentPostprocessing = 0;
		};
/* End PBXResourcesBuildPhase section */

/* Begin PBXSourcesBuildPhase section */
		640885B027F28A0A003DC0D5 /* Sources */ = {
			isa = PBXSourcesBuildPhase;
			buildActionMask = 2147483647;
			files = (
				640885EA27F2D7A1003DC0D5 /* MobileNetV2.mlmodel in Sources */,
				640885E627F29689003DC0D5 /* Classifier.swift in Sources */,
				640885E227F28A22003DC0D5 /* HotdogClassifier 1.mlmodel in Sources */,
				640885E427F28A5E003DC0D5 /* ImagePicker.swift in Sources */,
				640885BA27F28A0A003DC0D5 /* ContentView.swift in Sources */,
				640885E827F29826003DC0D5 /* ImageClassifier.swift in Sources */,
				640885B827F28A0A003DC0D5 /* HotdogApp.swift in Sources */,
			);
			runOnlyForDeploymentPostprocessing = 0;
		};
		640885C027F28A0B003DC0D5 /* Sources */ = {
			isa = PBXSourcesBuildPhase;
			buildActionMask = 2147483647;
			files = (
				640885C927F28A0B003DC0D5 /* HotdogTests.swift in Sources */,
			);
			runOnlyForDeploymentPostprocessing = 0;
		};
		640885CA27F28A0B003DC0D5 /* Sources */ = {
			isa = PBXSourcesBuildPhase;
			buildActionMask = 2147483647;
			files = (
				640885D327F28A0B003DC0D5 /* HotdogUITests.swift in Sources */,
				640885D527F28A0B003DC0D5 /* HotdogUITestsLaunchTests.swift in Sources */,
			);
			runOnlyForDeploymentPostprocessing = 0;
		};
/* End PBXSourcesBuildPhase section */

/* Begin PBXTargetDependency section */
		640885C627F28A0B003DC0D5 /* PBXTargetDependency */ = {
			isa = PBXTargetDependency;
			target = 640885B327F28A0A003DC0D5 /* Hotdog */;
			targetProxy = 640885C527F28A0B003DC0D5 /* PBXContainerItemProxy */;
		};
		640885D027F28A0B003DC0D5 /* PBXTargetDependency */ = {
			isa = PBXTargetDependency;
			target = 640885B327F28A0A003DC0D5 /* Hotdog */;
			targetProxy = 640885CF27F28A0B003DC0D5 /* PBXContainerItemProxy */;
		};
/* End PBXTargetDependency section */

/* Begin XCBuildConfiguration section */
		640885D627F28A0B003DC0D5 /* Debug */ = {
			isa = XCBuildConfiguration;
			buildSettings = {
				ALWAYS_SEARCH_USER_PATHS = NO;
				CLANG_ANALYZER_NONNULL = YES;
				CLANG_ANALYZER_NUMBER_OBJECT_CONVERSION = YES_AGGRESSIVE;
				CLANG_CXX_LANGUAGE_STANDARD = "gnu++17";
				CLANG_ENABLE_MODULES = YES;
				CLANG_ENABLE_OBJC_ARC = YES;
				CLANG_ENABLE_OBJC_WEAK = YES;
				CLANG_WARN_BLOCK_CAPTURE_AUTORELEASING = YES;
				CLANG_WARN_BOOL_CONVERSION = YES;
				CLANG_WARN_COMMA = YES;
				CLANG_WARN_CONSTANT_CONVERSION = YES;
				CLANG_WARN_DEPRECATED_OBJC_IMPLEMENTATIONS = YES;
				CLANG_WARN_DIRECT_OBJC_ISA_USAGE = YES_ERROR;
				CLANG_WARN_DOCUMENTATION_COMMENTS = YES;
				CLANG_WARN_EMPTY_BODY = YES;
				CLANG_WARN_ENUM_CONVERSION = YES;
				CLANG_WARN_INFINITE_RECURSION = YES;
				CLANG_WARN_INT_CONVERSION = YES;
				CLANG_WARN_NON_LITERAL_NULL_CONVERSION = YES;
				CLANG_WARN_OBJC_IMPLICIT_RETAIN_SELF = YES;
				CLANG_WARN_OBJC_LITERAL_CONVERSION = YES;
				CLANG_WARN_OBJC_ROOT_CLASS = YES_ERROR;
				CLANG_WARN_QUOTED_INCLUDE_IN_FRAMEWORK_HEADER = YES;
				CLANG_WARN_RANGE_LOOP_ANALYSIS = YES;
				CLANG_WARN_STRICT_PROTOTYPES = YES;
				CLANG_WARN_SUSPICIOUS_MOVE = YES;
				CLANG_WARN_UNGUARDED_AVAILABILITY = YES_AGGRESSIVE;
				CLANG_WARN_UNREACHABLE_CODE = YES;
				CLANG_WARN__DUPLICATE_METHOD_MATCH = YES;
				COPY_PHASE_STRIP = NO;
				DEBUG_INFORMATION_FORMAT = dwarf;
				ENABLE_STRICT_OBJC_MSGSEND = YES;
				ENABLE_TESTABILITY = YES;
				GCC_C_LANGUAGE_STANDARD = gnu11;
				GCC_DYNAMIC_NO_PIC = NO;
				GCC_NO_COMMON_BLOCKS = YES;
				GCC_OPTIMIZATION_LEVEL = 0;
				GCC_PREPROCESSOR_DEFINITIONS = (
					"DEBUG=1",
					"$(inherited)",
				);
				GCC_WARN_64_TO_32_BIT_CONVERSION = YES;
				GCC_WARN_ABOUT_RETURN_TYPE = YES_ERROR;
				GCC_WARN_UNDECLARED_SELECTOR = YES;
				GCC_WARN_UNINITIALIZED_AUTOS = YES_AGGRESSIVE;
				GCC_WARN_UNUSED_FUNCTION = YES;
				GCC_WARN_UNUSED_VARIABLE = YES;
				IPHONEOS_DEPLOYMENT_TARGET = 15.4;
				MTL_ENABLE_DEBUG_INFO = INCLUDE_SOURCE;
				MTL_FAST_MATH = YES;
				ONLY_ACTIVE_ARCH = YES;
				SDKROOT = iphoneos;
				SWIFT_ACTIVE_COMPILATION_CONDITIONS = DEBUG;
				SWIFT_OPTIMIZATION_LEVEL = "-Onone";
			};
			name = Debug;
		};
		640885D727F28A0B003DC0D5 /* Release */ = {
			isa = XCBuildConfiguration;
			buildSettings = {
				ALWAYS_SEARCH_USER_PATHS = NO;
				CLANG_ANALYZER_NONNULL = YES;
				CLANG_ANALYZER_NUMBER_OBJECT_CONVERSION = YES_AGGRESSIVE;
				CLANG_CXX_LANGUAGE_STANDARD = "gnu++17";
				CLANG_ENABLE_MODULES = YES;
				CLANG_ENABLE_OBJC_ARC = YES;
				CLANG_ENABLE_OBJC_WEAK = YES;
				CLANG_WARN_BLOCK_CAPTURE_AUTORELEASING = YES;
				CLANG_WARN_BOOL_CONVERSION = YES;
				CLANG_WARN_COMMA = YES;
				CLANG_WARN_CONSTANT_CONVERSION = YES;
				CLANG_WARN_DEPRECATED_OBJC_IMPLEMENTATIONS = YES;
				CLANG_WARN_DIRECT_OBJC_ISA_USAGE = YES_ERROR;
				CLANG_WARN_DOCUMENTATION_COMMENTS = YES;
				CLANG_WARN_EMPTY_BODY = YES;
				CLANG_WARN_ENUM_CONVERSION = YES;
				CLANG_WARN_INFINITE_RECURSION = YES;
				CLANG_WARN_INT_CONVERSION = YES;
				CLANG_WARN_NON_LITERAL_NULL_CONVERSION = YES;
				CLANG_WARN_OBJC_IMPLICIT_RETAIN_SELF = YES;
				CLANG_WARN_OBJC_LITERAL_CONVERSION = YES;
				CLANG_WARN_OBJC_ROOT_CLASS = YES_ERROR;
				CLANG_WARN_QUOTED_INCLUDE_IN_FRAMEWORK_HEADER = YES;
				CLANG_WARN_RANGE_LOOP_ANALYSIS = YES;
				CLANG_WARN_STRICT_PROTOTYPES = YES;
				CLANG_WARN_SUSPICIOUS_MOVE = YES;
				CLANG_WARN_UNGUARDED_AVAILABILITY = YES_AGGRESSIVE;
				CLANG_WARN_UNREACHABLE_CODE = YES;
				CLANG_WARN__DUPLICATE_METHOD_MATCH = YES;
				COPY_PHASE_STRIP = NO;
				DEBUG_INFORMATION_FORMAT = "dwarf-with-dsym";
				ENABLE_NS_ASSERTIONS = NO;
				ENABLE_STRICT_OBJC_MSGSEND = YES;
				GCC_C_LANGUAGE_STANDARD = gnu11;
				GCC_NO_COMMON_BLOCKS = YES;
				GCC_WARN_64_TO_32_BIT_CONVERSION = YES;
				GCC_WARN_ABOUT_RETURN_TYPE = YES_ERROR;
				GCC_WARN_UNDECLARED_SELECTOR = YES;
				GCC_WARN_UNINITIALIZED_AUTOS = YES_AGGRESSIVE;
				GCC_WARN_UNUSED_FUNCTION = YES;
				GCC_WARN_UNUSED_VARIABLE = YES;
				IPHONEOS_DEPLOYMENT_TARGET = 15.4;
				MTL_ENABLE_DEBUG_INFO = NO;
				MTL_FAST_MATH = YES;
				SDKROOT = iphoneos;
				SWIFT_COMPILATION_MODE = wholemodule;
				SWIFT_OPTIMIZATION_LEVEL = "-O";
				VALIDATE_PRODUCT = YES;
			};
			name = Release;
		};
		640885D927F28A0B003DC0D5 /* Debug */ = {
			isa = XCBuildConfiguration;
			buildSettings = {
				ASSETCATALOG_COMPILER_APPICON_NAME = AppIcon;
				ASSETCATALOG_COMPILER_GLOBAL_ACCENT_COLOR_NAME = AccentColor;
				CODE_SIGN_STYLE = Automatic;
				CURRENT_PROJECT_VERSION = 1;
				DEVELOPMENT_ASSET_PATHS = "\"Hotdog/Preview Content\"";
				DEVELOPMENT_TEAM = U79UWFAQ8H;
				ENABLE_PREVIEWS = YES;
				GENERATE_INFOPLIST_FILE = YES;
				INFOPLIST_KEY_NSCameraUsageDescription = "This app needs to access the camera.";
				INFOPLIST_KEY_UIApplicationSceneManifest_Generation = YES;
				INFOPLIST_KEY_UIApplicationSupportsIndirectInputEvents = YES;
				INFOPLIST_KEY_UILaunchScreen_Generation = YES;
				INFOPLIST_KEY_UISupportedInterfaceOrientations_iPad = "UIInterfaceOrientationPortrait UIInterfaceOrientationPortraitUpsideDown UIInterfaceOrientationLandscapeLeft UIInterfaceOrientationLandscapeRight";
				INFOPLIST_KEY_UISupportedInterfaceOrientations_iPhone = "UIInterfaceOrientationPortrait UIInterfaceOrientationLandscapeLeft UIInterfaceOrientationLandscapeRight";
				LD_RUNPATH_SEARCH_PATHS = (
					"$(inherited)",
					"@executable_path/Frameworks",
				);
				MARKETING_VERSION = 1.0;
				PRODUCT_BUNDLE_IDENTIFIER = "Melissa-Rimsza.Hotdog";
				PRODUCT_NAME = "$(TARGET_NAME)";
				SWIFT_EMIT_LOC_STRINGS = YES;
				SWIFT_VERSION = 5.0;
				TARGETED_DEVICE_FAMILY = "1,2";
			};
			name = Debug;
		};
		640885DA27F28A0B003DC0D5 /* Release */ = {
			isa = XCBuildConfiguration;
			buildSettings = {
				ASSETCATALOG_COMPILER_APPICON_NAME = AppIcon;
				ASSETCATALOG_COMPILER_GLOBAL_ACCENT_COLOR_NAME = AccentColor;
				CODE_SIGN_STYLE = Automatic;
				CURRENT_PROJECT_VERSION = 1;
				DEVELOPMENT_ASSET_PATHS = "\"Hotdog/Preview Content\"";
				DEVELOPMENT_TEAM = U79UWFAQ8H;
				ENABLE_PREVIEWS = YES;
				GENERATE_INFOPLIST_FILE = YES;
				INFOPLIST_KEY_NSCameraUsageDescription = "This app needs to access the camera.";
				INFOPLIST_KEY_UIApplicationSceneManifest_Generation = YES;
				INFOPLIST_KEY_UIApplicationSupportsIndirectInputEvents = YES;
				INFOPLIST_KEY_UILaunchScreen_Generation = YES;
				INFOPLIST_KEY_UISupportedInterfaceOrientations_iPad = "UIInterfaceOrientationPortrait UIInterfaceOrientationPortraitUpsideDown UIInterfaceOrientationLandscapeLeft UIInterfaceOrientationLandscapeRight";
				INFOPLIST_KEY_UISupportedInterfaceOrientations_iPhone = "UIInterfaceOrientationPortrait UIInterfaceOrientationLandscapeLeft UIInterfaceOrientationLandscapeRight";
				LD_RUNPATH_SEARCH_PATHS = (
					"$(inherited)",
					"@executable_path/Frameworks",
				);
				MARKETING_VERSION = 1.0;
				PRODUCT_BUNDLE_IDENTIFIER = "Melissa-Rimsza.Hotdog";
				PRODUCT_NAME = "$(TARGET_NAME)";
				SWIFT_EMIT_LOC_STRINGS = YES;
				SWIFT_VERSION = 5.0;
				TARGETED_DEVICE_FAMILY = "1,2";
			};
			name = Release;
		};
		640885DC27F28A0B003DC0D5 /* Debug */ = {
			isa = XCBuildConfiguration;
			buildSettings = {
				ALWAYS_EMBED_SWIFT_STANDARD_LIBRARIES = YES;
				BUNDLE_LOADER = "$(TEST_HOST)";
				CODE_SIGN_STYLE = Automatic;
				CURRENT_PROJECT_VERSION = 1;
				DEVELOPMENT_TEAM = U79UWFAQ8H;
				GENERATE_INFOPLIST_FILE = YES;
				IPHONEOS_DEPLOYMENT_TARGET = 15.4;
				MARKETING_VERSION = 1.0;
				PRODUCT_BUNDLE_IDENTIFIER = "Melissa-Rimsza.HotdogTests";
				PRODUCT_NAME = "$(TARGET_NAME)";
				SWIFT_EMIT_LOC_STRINGS = NO;
				SWIFT_VERSION = 5.0;
				TARGETED_DEVICE_FAMILY = "1,2";
				TEST_HOST = "$(BUILT_PRODUCTS_DIR)/Hotdog.app/Hotdog";
			};
			name = Debug;
		};
		640885DD27F28A0B003DC0D5 /* Release */ = {
			isa = XCBuildConfiguration;
			buildSettings = {
				ALWAYS_EMBED_SWIFT_STANDARD_LIBRARIES = YES;
				BUNDLE_LOADER = "$(TEST_HOST)";
				CODE_SIGN_STYLE = Automatic;
				CURRENT_PROJECT_VERSION = 1;
				DEVELOPMENT_TEAM = U79UWFAQ8H;
				GENERATE_INFOPLIST_FILE = YES;
				IPHONEOS_DEPLOYMENT_TARGET = 15.4;
				MARKETING_VERSION = 1.0;
				PRODUCT_BUNDLE_IDENTIFIER = "Melissa-Rimsza.HotdogTests";
				PRODUCT_NAME = "$(TARGET_NAME)";
				SWIFT_EMIT_LOC_STRINGS = NO;
				SWIFT_VERSION = 5.0;
				TARGETED_DEVICE_FAMILY = "1,2";
				TEST_HOST = "$(BUILT_PRODUCTS_DIR)/Hotdog.app/Hotdog";
			};
			name = Release;
		};
		640885DF27F28A0B003DC0D5 /* Debug */ = {
			isa = XCBuildConfiguration;
			buildSettings = {
				ALWAYS_EMBED_SWIFT_STANDARD_LIBRARIES = YES;
				CODE_SIGN_STYLE = Automatic;
				CURRENT_PROJECT_VERSION = 1;
				DEVELOPMENT_TEAM = U79UWFAQ8H;
				GENERATE_INFOPLIST_FILE = YES;
				MARKETING_VERSION = 1.0;
				PRODUCT_BUNDLE_IDENTIFIER = "Melissa-Rimsza.HotdogUITests";
				PRODUCT_NAME = "$(TARGET_NAME)";
				SWIFT_EMIT_LOC_STRINGS = NO;
				SWIFT_VERSION = 5.0;
				TARGETED_DEVICE_FAMILY = "1,2";
				TEST_TARGET_NAME = Hotdog;
			};
			name = Debug;
		};
		640885E027F28A0B003DC0D5 /* Release */ = {
			isa = XCBuildConfiguration;
			buildSettings = {
				ALWAYS_EMBED_SWIFT_STANDARD_LIBRARIES = YES;
				CODE_SIGN_STYLE = Automatic;
				CURRENT_PROJECT_VERSION = 1;
				DEVELOPMENT_TEAM = U79UWFAQ8H;
				GENERATE_INFOPLIST_FILE = YES;
				MARKETING_VERSION = 1.0;
				PRODUCT_BUNDLE_IDENTIFIER = "Melissa-Rimsza.HotdogUITests";
				PRODUCT_NAME = "$(TARGET_NAME)";
				SWIFT_EMIT_LOC_STRINGS = NO;
				SWIFT_VERSION = 5.0;
				TARGETED_DEVICE_FAMILY = "1,2";
				TEST_TARGET_NAME = Hotdog;
			};
			name = Release;
		};
/* End XCBuildConfiguration section */

/* Begin XCConfigurationList section */
		640885AF27F28A0A003DC0D5 /* Build configuration list for PBXProject "Hotdog" */ = {
			isa = XCConfigurationList;
			buildConfigurations = (
				640885D627F28A0B003DC0D5 /* Debug */,
				640885D727F28A0B003DC0D5 /* Release */,
			);
			defaultConfigurationIsVisible = 0;
			defaultConfigurationName = Release;
		};
		640885D827F28A0B003DC0D5 /* Build configuration list for PBXNativeTarget "Hotdog" */ = {
			isa = XCConfigurationList;
			buildConfigurations = (
				640885D927F28A0B003DC0D5 /* Debug */,
				640885DA27F28A0B003DC0D5 /* Release */,
			);
			defaultConfigurationIsVisible = 0;
			defaultConfigurationName = Release;
		};
		640885DB27F28A0B003DC0D5 /* Build configuration list for PBXNativeTarget "HotdogTests" */ = {
			isa = XCConfigurationList;
			buildConfigurations = (
				640885DC27F28A0B003DC0D5 /* Debug */,
				640885DD27F28A0B003DC0D5 /* Release */,
			);
			defaultConfigurationIsVisible = 0;
			defaultConfigurationName = Release;
		};
		640885DE27F28A0B003DC0D5 /* Build configuration list for PBXNativeTarget "HotdogUITests" */ = {
			isa = XCConfigurationList;
			buildConfigurations = (
				640885DF27F28A0B003DC0D5 /* Debug */,
				640885E027F28A0B003DC0D5 /* Release */,
			);
			defaultConfigurationIsVisible = 0;
			defaultConfigurationName = Release;
		};
/* End XCConfigurationList section */

/* Begin XCRemoteSwiftPackageReference section */
		6493D0F427F4F7A3006C2E30 /* XCRemoteSwiftPackageReference "ConfettiSwiftUI" */ = {
			isa = XCRemoteSwiftPackageReference;
			repositoryURL = "https://github.com/simibac/ConfettiSwiftUI";
			requirement = {
				kind = upToNextMajorVersion;
				minimumVersion = 0.3.1;
			};
		};
/* End XCRemoteSwiftPackageReference section */

/* Begin XCSwiftPackageProductDependency section */
		6493D0F527F4F7A3006C2E30 /* ConfettiSwiftUI */ = {
			isa = XCSwiftPackageProductDependency;
			package = 6493D0F427F4F7A3006C2E30 /* XCRemoteSwiftPackageReference "ConfettiSwiftUI" */;
			productName = ConfettiSwiftUI;
		};
/* End XCSwiftPackageProductDependency section */
	};
	rootObject = 640885AC27F28A0A003DC0D5 /* Project object */;
}
